
Microsoft Visual Studio Solution File, Format Version 12.00
Project("{FAE04EC0-301F-11D3-BF4B-00C04F79EFBC}") = "JiazhenAssignment", "JiazhenAssignment\JiazhenAssignment.csproj", "{B15A510F-CF68-4507-BF07-D9BBA9614786}"
EndProject
Global
	GlobalSection(SolutionConfigurationPlatforms) = preSolution
		Debug|Any CPU = Debug|Any CPU
		Release|Any CPU = Release|Any CPU
	EndGlobalSection
	GlobalSection(ProjectConfigurationPlatforms) = postSolution
		{B15A510F-CF68-4507-BF07-D9BBA9614786}.Debug|Any CPU.ActiveCfg = Debug|Any CPU
		{B15A510F-CF68-4507-BF07-D9BBA9614786}.Debug|Any CPU.Build.0 = Debug|Any CPU
		{B15A510F-CF68-4507-BF07-D9BBA9614786}.Release|Any CPU.ActiveCfg = Release|Any CPU
		{B15A510F-CF68-4507-BF07-D9BBA9614786}.Release|Any CPU.Build.0 = Release|Any CPU
	EndGlobalSection
EndGlobal
